
Microsoft Visual Studio Solution File, Format Version 12.00
# Visual Studio 2013
VisualStudioVersion = 12.0.40629.0
MinimumVisualStudioVersion = 10.0.40219.1
Project("{FAE04EC0-301F-11D3-BF4B-00C04F79EFBC}") = "Harmonize", "Harmonize\Harmonize.csproj", "{7790A450-F56F-45B4-8F03-50A9629C113E}"
EndProject
Global
	GlobalSection(SolutionConfigurationPlatforms) = preSolution
		Debug|Any CPU = Debug|Any CPU
		Release|Any CPU = Release|Any CPU
	EndGlobalSection
	GlobalSection(ProjectConfigurationPlatforms) = postSolution
		{7790A450-F56F-45B4-8F03-50A9629C113E}.Debug|Any CPU.ActiveCfg = Debug|Any CPU
		{7790A450-F56F-45B4-8F03-50A9629C113E}.Debug|Any CPU.Build.0 = Debug|Any CPU
		{7790A450-F56F-45B4-8F03-50A9629C113E}.Release|Any CPU.ActiveCfg = Release|Any CPU
		{7790A450-F56F-45B4-8F03-50A9629C113E}.Release|Any CPU.Build.0 = Release|Any CPU
	EndGlobalSection
	GlobalSection(SolutionProperties) = preSolution
		HideSolutionNode = FALSE
	EndGlobalSection
EndGlobal
